
Microsoft Visual Studio Solution File, Format Version 12.00
# Visual Studio 2012
Project("{2150E333-8FDC-42A3-9474-1A3956D46DE8}") = "src", "src", "{3881BBDC-A658-47D1-A13E-EBAE77B7DF39}"
EndProject
Project("{FAE04EC0-301F-11D3-BF4B-00C04F79EFBC}") = "Concise.Core", "src\Concise.Core\Concise.Core.csproj", "{BF52CBAF-8517-415E-BDED-9A1AB73B3C8F}"
EndProject
Project("{2150E333-8FDC-42A3-9474-1A3956D46DE8}") = "tests", "tests", "{1474DBD4-FE5B-4DE2-B8CF-789EC960AB98}"
EndProject
Project("{FAE04EC0-301F-11D3-BF4B-00C04F79EFBC}") = "Concise.Core.Tests", "tests\Concise.Core.Tests\Concise.Core.Tests.csproj", "{58555FCE-9EC9-47D2-BC64-EAF0F95EF871}"
EndProject
Global
	GlobalSection(SolutionConfigurationPlatforms) = preSolution
		Debug|x86 = Debug|x86
		Release|x86 = Release|x86
	EndGlobalSection
	GlobalSection(ProjectConfigurationPlatforms) = postSolution
		{58555FCE-9EC9-47D2-BC64-EAF0F95EF871}.Debug|x86.ActiveCfg = Debug|Any CPU
		{58555FCE-9EC9-47D2-BC64-EAF0F95EF871}.Debug|x86.Build.0 = Debug|Any CPU
		{58555FCE-9EC9-47D2-BC64-EAF0F95EF871}.Release|x86.ActiveCfg = Release|Any CPU
		{58555FCE-9EC9-47D2-BC64-EAF0F95EF871}.Release|x86.Build.0 = Release|Any CPU
		{BF52CBAF-8517-415E-BDED-9A1AB73B3C8F}.Debug|x86.ActiveCfg = Debug|Any CPU
		{BF52CBAF-8517-415E-BDED-9A1AB73B3C8F}.Debug|x86.Build.0 = Debug|Any CPU
		{BF52CBAF-8517-415E-BDED-9A1AB73B3C8F}.Release|x86.ActiveCfg = Release|Any CPU
		{BF52CBAF-8517-415E-BDED-9A1AB73B3C8F}.Release|x86.Build.0 = Release|Any CPU
	EndGlobalSection
	GlobalSection(NestedProjects) = preSolution
		{BF52CBAF-8517-415E-BDED-9A1AB73B3C8F} = {3881BBDC-A658-47D1-A13E-EBAE77B7DF39}
		{58555FCE-9EC9-47D2-BC64-EAF0F95EF871} = {1474DBD4-FE5B-4DE2-B8CF-789EC960AB98}
	EndGlobalSection
	GlobalSection(MonoDevelopProperties) = preSolution
		StartupItem = src\Concise.Core\Concise.Core.csproj
		Policies = $0
		$0.DotNetNamingPolicy = $1
		$1.DirectoryNamespaceAssociation = PrefixedHierarchical
		$1.ResourceNamePolicy = FileFormatDefault
		$0.NameConventionPolicy = $2
		$2.Rules = $3
		$3.NamingRule = $4
		$4.Name = Namespaces
		$4.AffectedEntity = Namespace
		$4.VisibilityMask = VisibilityMask
		$4.NamingStyle = PascalCase
		$4.IncludeInstanceMembers = True
		$4.IncludeStaticEntities = True
		$3.NamingRule = $5
		$5.Name = Types
		$5.AffectedEntity = Class, Struct, Enum, Delegate
		$5.VisibilityMask = Public
		$5.NamingStyle = PascalCase
		$5.IncludeInstanceMembers = True
		$5.IncludeStaticEntities = True
		$3.NamingRule = $6
		$6.Name = Interfaces
		$6.RequiredPrefixes = $7
		$7.String = I
		$6.AffectedEntity = Interface
		$6.VisibilityMask = Public
		$6.NamingStyle = PascalCase
		$6.IncludeInstanceMembers = True
		$6.IncludeStaticEntities = True
		$3.NamingRule = $8
		$8.Name = Attributes
		$8.RequiredSuffixes = $9
		$9.String = Attribute
		$8.AffectedEntity = CustomAttributes
		$8.VisibilityMask = Public
		$8.NamingStyle = PascalCase
		$8.IncludeInstanceMembers = True
		$8.IncludeStaticEntities = True
		$3.NamingRule = $10
		$10.Name = Event Arguments
		$10.RequiredSuffixes = $11
		$11.String = EventArgs
		$10.AffectedEntity = CustomEventArgs
		$10.VisibilityMask = Public
		$10.NamingStyle = PascalCase
		$10.IncludeInstanceMembers = True
		$10.IncludeStaticEntities = True
		$3.NamingRule = $12
		$12.Name = Exceptions
		$12.RequiredSuffixes = $13
		$13.String = Exception
		$12.AffectedEntity = CustomExceptions
		$12.VisibilityMask = VisibilityMask
		$12.NamingStyle = PascalCase
		$12.IncludeInstanceMembers = True
		$12.IncludeStaticEntities = True
		$3.NamingRule = $14
		$14.Name = Methods
		$14.AffectedEntity = Methods
		$14.VisibilityMask = Protected, Public
		$14.NamingStyle = PascalCase
		$14.IncludeInstanceMembers = True
		$14.IncludeStaticEntities = True
		$3.NamingRule = $15
		$15.Name = Static Readonly Fields
		$15.AffectedEntity = ReadonlyField
		$15.VisibilityMask = Protected, Public
		$15.NamingStyle = PascalCase
		$15.IncludeInstanceMembers = False
		$15.IncludeStaticEntities = True
		$3.NamingRule = $16
		$16.Name = Fields
		$16.AffectedEntity = Field
		$16.VisibilityMask = Protected, Public
		$16.NamingStyle = PascalCase
		$16.IncludeInstanceMembers = True
		$16.IncludeStaticEntities = True
		$3.NamingRule = $17
		$17.Name = ReadOnly Fields
		$17.AffectedEntity = ReadonlyField
		$17.VisibilityMask = Protected, Public
		$17.NamingStyle = PascalCase
		$17.IncludeInstanceMembers = True
		$17.IncludeStaticEntities = False
		$3.NamingRule = $18
		$18.Name = Constant Fields
		$18.AffectedEntity = ConstantField
		$18.VisibilityMask = Protected, Public
		$18.NamingStyle = PascalCase
		$18.IncludeInstanceMembers = True
		$18.IncludeStaticEntities = True
		$3.NamingRule = $19
		$19.Name = Properties
		$19.AffectedEntity = Property
		$19.VisibilityMask = Protected, Public
		$19.NamingStyle = PascalCase
		$19.IncludeInstanceMembers = True
		$19.IncludeStaticEntities = True
		$3.NamingRule = $20
		$20.Name = Events
		$20.AffectedEntity = Event
		$20.VisibilityMask = Protected, Public
		$20.NamingStyle = PascalCase
		$20.IncludeInstanceMembers = True
		$20.IncludeStaticEntities = True
		$3.NamingRule = $21
		$21.Name = Enum Members
		$21.AffectedEntity = EnumMember
		$21.VisibilityMask = VisibilityMask
		$21.NamingStyle = PascalCase
		$21.IncludeInstanceMembers = True
		$21.IncludeStaticEntities = True
		$3.NamingRule = $22
		$22.Name = Parameters
		$22.AffectedEntity = Parameter
		$22.VisibilityMask = VisibilityMask
		$22.NamingStyle = CamelCase
		$22.IncludeInstanceMembers = True
		$22.IncludeStaticEntities = True
		$3.NamingRule = $23
		$23.Name = Type Parameters
		$23.RequiredPrefixes = $24
		$24.String = T
		$23.AffectedEntity = TypeParameter
		$23.VisibilityMask = VisibilityMask
		$23.NamingStyle = PascalCase
		$23.IncludeInstanceMembers = True
		$23.IncludeStaticEntities = True
		$0.VersionControlPolicy = $25
		$25.inheritsSet = Mono
		$0.TextStylePolicy = $26
		$26.inheritsSet = null
		$26.scope = text/x-csharp
		$0.CSharpFormattingPolicy = $27
		$27.BeforeMethodDeclarationParentheses = False
		$27.BeforeMethodCallParentheses = False
		$27.BeforeConstructorDeclarationParentheses = False
		$27.BeforeIndexerDeclarationBracket = False
		$27.BeforeDelegateDeclarationParentheses = False
		$27.AfterDelegateDeclarationParameterComma = True
		$27.NewParentheses = False
		$27.LockParentheses = False
		$27.UsingParentheses = False
		$27.SpacesBeforeBrackets = False
		$27.inheritsSet = Mono
		$27.inheritsScope = text/x-csharp
		$27.scope = text/x-csharp
	EndGlobalSection
EndGlobal
